// !$*UTF8*$!
{
	archiveVersion = 1;
	classes = {
	};
	objectVersion = 46;
	objects = {

/* Begin PBXFileReference section */
		EC697E2D163AE2CE006B4407 /* libcelmek.a */ = {isa = PBXFileReference; explicitFileType = archive.ar; includeInIndex = 0; path = libcelmek.a; sourceTree = BUILT_PRODUCTS_DIR; };
/* End PBXFileReference section */

/* Begin PBXFrameworksBuildPhase section */
		EC697E2A163AE2CE006B4407 /* Frameworks */ = {
			isa = PBXFrameworksBuildPhase;
			buildActionMask = 2147483647;
			files = (
			);
			runOnlyForDeploymentPostprocessing = 0;
		};
/* End PBXFrameworksBuildPhase section */

/* Begin PBXGroup section */
		EC697E22163AE2CE006B4407 = {
			isa = PBXGroup;
			children = (
				EC697E2E163AE2CE006B4407 /* Products */,
			);
			sourceTree = "<group>";
		};
		EC697E2E163AE2CE006B4407 /* Products */ = {
			isa = PBXGroup;
			children = (
				EC697E2D163AE2CE006B4407 /* libcelmek.a */,
			);
			name = Products;
			sourceTree = "<group>";
		};
/* End PBXGroup section */

/* Begin PBXHeadersBuildPhase section */
		EC697E2B163AE2CE006B4407 /* Headers */ = {
			isa = PBXHeadersBuildPhase;
			buildActionMask = 2147483647;
			files = (
			);
			runOnlyForDeploymentPostprocessing = 0;
		};
/* End PBXHeadersBuildPhase section */

/* Begin PBXNativeTarget section */
		EC697E2C163AE2CE006B4407 /* celmek */ = {
			isa = PBXNativeTarget;
			buildConfigurationList = EC697E31163AE2CE006B4407 /* Build configuration list for PBXNativeTarget "celmek" */;
			buildPhases = (
				EC697E29163AE2CE006B4407 /* Sources */,
				EC697E2A163AE2CE006B4407 /* Frameworks */,
				EC697E2B163AE2CE006B4407 /* Headers */,
			);
			buildRules = (
			);
			dependencies = (
			);
			name = celmek;
			productName = celmek;
			productReference = EC697E2D163AE2CE006B4407 /* libcelmek.a */;
			productType = "com.apple.product-type.library.static";
		};
/* End PBXNativeTarget section */

/* Begin PBXProject section */
		EC697E24163AE2CE006B4407 /* Project object */ = {
			isa = PBXProject;
			attributes = {
				LastUpgradeCheck = 0450;
				ORGANIZATIONNAME = "Open Orbit";
			};
			buildConfigurationList = EC697E27163AE2CE006B4407 /* Build configuration list for PBXProject "celmek" */;
			compatibilityVersion = "Xcode 3.2";
			developmentRegion = English;
			hasScannedForEncodings = 0;
			knownRegions = (
				en,
			);
			mainGroup = EC697E22163AE2CE006B4407;
			productRefGroup = EC697E2E163AE2CE006B4407 /* Products */;
			projectDirPath = "";
			projectRoot = "";
			targets = (
				EC697E2C163AE2CE006B4407 /* celmek */,
			);
		};
/* End PBXProject section */

/* Begin PBXSourcesBuildPhase section */
		EC697E29163AE2CE006B4407 /* Sources */ = {
			isa = PBXSourcesBuildPhase;
			buildActionMask = 2147483647;
			files = (
			);
			runOnlyForDeploymentPostprocessing = 0;
		};
/* End PBXSourcesBuildPhase section */

/* Begin XCBuildConfiguration section */
		EC697E2F163AE2CE006B4407 /* Debug */ = {
			isa = XCBuildConfiguration;
			buildSettings = {
				ALWAYS_SEARCH_USER_PATHS = NO;
				ARCHS = "$(ARCHS_STANDARD_64_BIT)";
				CLANG_CXX_LANGUAGE_STANDARD = "gnu++0x";
				CLANG_CXX_LIBRARY = "libc++";
				CLANG_WARN_EMPTY_BODY = YES;
				CLANG_WARN__DUPLICATE_METHOD_MATCH = YES;
				COPY_PHASE_STRIP = NO;
				GCC_C_LANGUAGE_STANDARD = gnu99;
				GCC_DYNAMIC_NO_PIC = NO;
				GCC_ENABLE_OBJC_EXCEPTIONS = YES;
				GCC_OPTIMIZATION_LEVEL = 0;
				GCC_PREPROCESSOR_DEFINITIONS = (
					"DEBUG=1",
					"$(inherited)",
				);
				GCC_SYMBOLS_PRIVATE_EXTERN = NO;
				GCC_WARN_64_TO_32_BIT_CONVERSION = YES;
				GCC_WARN_ABOUT_RETURN_TYPE = YES;
				GCC_WARN_UNINITIALIZED_AUTOS = YES;
				GCC_WARN_UNUSED_VARIABLE = YES;
				MACOSX_DEPLOYMENT_TARGET = 10.8;
				ONLY_ACTIVE_ARCH = YES;
				SDKROOT = macosx;
			};
			name = Debug;
		};
		EC697E30163AE2CE006B4407 /* Release */ = {
			isa = XCBuildConfiguration;
			buildSettings = {
				ALWAYS_SEARCH_USER_PATHS = NO;
				ARCHS = "$(ARCHS_STANDARD_64_BIT)";
				CLANG_CXX_LANGUAGE_STANDARD = "gnu++0x";
				CLANG_CXX_LIBRARY = "libc++";
				CLANG_WARN_EMPTY_BODY = YES;
				CLANG_WARN__DUPLICATE_METHOD_MATCH = YES;
				COPY_PHASE_STRIP = YES;
				DEBUG_INFORMATION_FORMAT = "dwarf-with-dsym";
				GCC_C_LANGUAGE_STANDARD = gnu99;
				GCC_ENABLE_OBJC_EXCEPTIONS = YES;
				GCC_WARN_64_TO_32_BIT_CONVERSION = YES;
				GCC_WARN_ABOUT_RETURN_TYPE = YES;
				GCC_WARN_UNINITIALIZED_AUTOS = YES;
				GCC_WARN_UNUSED_VARIABLE = YES;
				MACOSX_DEPLOYMENT_TARGET = 10.8;
				SDKROOT = macosx;
			};
			name = Release;
		};
		EC697E32163AE2CE006B4407 /* Debug */ = {
			isa = XCBuildConfiguration;
			buildSettings = {
				EXECUTABLE_PREFIX = lib;
				PRODUCT_NAME = "$(TARGET_NAME)";
			};
			name = Debug;
		};
		EC697E33163AE2CE006B4407 /* Release */ = {
			isa = XCBuildConfiguration;
			buildSettings = {
				EXECUTABLE_PREFIX = lib;
				PRODUCT_NAME = "$(TARGET_NAME)";
			};
			name = Release;
		};
/* End XCBuildConfiguration section */

/* Begin XCConfigurationList section */
		EC697E27163AE2CE006B4407 /* Build configuration list for PBXProject "celmek" */ = {
			isa = XCConfigurationList;
			buildConfigurations = (
				EC697E2F163AE2CE006B4407 /* Debug */,
				EC697E30163AE2CE006B4407 /* Release */,
			);
			defaultConfigurationIsVisible = 0;
			defaultConfigurationName = Release;
		};
		EC697E31163AE2CE006B4407 /* Build configuration list for PBXNativeTarget "celmek" */ = {
			isa = XCConfigurationList;
			buildConfigurations = (
				EC697E32163AE2CE006B4407 /* Debug */,
				EC697E33163AE2CE006B4407 /* Release */,
			);
			defaultConfigurationIsVisible = 0;
		};
/* End XCConfigurationList section */
	};
	rootObject = EC697E24163AE2CE006B4407 /* Project object */;
}
